
Microsoft Visual Studio Solution File, Format Version 12.00
# Visual Studio Version 17
VisualStudioVersion = 17.7.34031.279
MinimumVisualStudioVersion = 10.0.40219.1
Project("{FAE04EC0-301F-11D3-BF4B-00C04F79EFBC}") = "WnpTalk.API", "WnpTalk.API\WnpTalk.API.csproj", "{D479E4C3-1B28-4E84-AFA9-044C98B96DF1}"
EndProject
Global
	GlobalSection(SolutionConfigurationPlatforms) = preSolution
		Debug|Any CPU = Debug|Any CPU
		Release|Any CPU = Release|Any CPU
	EndGlobalSection
	GlobalSection(ProjectConfigurationPlatforms) = postSolution
		{D479E4C3-1B28-4E84-AFA9-044C98B96DF1}.Debug|Any CPU.ActiveCfg = Debug|Any CPU
		{D479E4C3-1B28-4E84-AFA9-044C98B96DF1}.Debug|Any CPU.Build.0 = Debug|Any CPU
		{D479E4C3-1B28-4E84-AFA9-044C98B96DF1}.Release|Any CPU.ActiveCfg = Release|Any CPU
		{D479E4C3-1B28-4E84-AFA9-044C98B96DF1}.Release|Any CPU.Build.0 = Release|Any CPU
	EndGlobalSection
	GlobalSection(SolutionProperties) = preSolution
		HideSolutionNode = FALSE
	EndGlobalSection
	GlobalSection(ExtensibilityGlobals) = postSolution
		SolutionGuid = {5C1E6323-BB40-42F1-A167-C832873525AF}
	EndGlobalSection
EndGlobal
